
Microsoft Visual Studio Solution File, Format Version 12.00
# Visual Studio Version 17
VisualStudioVersion = 17.0.31903.59
MinimumVisualStudioVersion = 10.0.40219.1
Project("{FAE04EC0-301F-11D3-BF4B-00C04F79EFBC}") = "API", "API\API.csproj", "{F48E680C-07B6-494A-9E64-78D4B9F096DE}"
EndProject
Project("{FAE04EC0-301F-11D3-BF4B-00C04F79EFBC}") = "Application", "Application\Application.csproj", "{12A629FB-7E91-4CD6-A3AC-B4F6535E7A23}"
EndProject
Project("{FAE04EC0-301F-11D3-BF4B-00C04F79EFBC}") = "Domain", "Domain\Domain.csproj", "{785A542E-3338-4601-8ABD-D9BC5050B857}"
EndProject
Project("{FAE04EC0-301F-11D3-BF4B-00C04F79EFBC}") = "Persistence", "Persistence\Persistence.csproj", "{CDC1026F-ECEA-4FCE-982B-576A12C65B7D}"
EndProject
Global
	GlobalSection(SolutionConfigurationPlatforms) = preSolution
		Debug|Any CPU = Debug|Any CPU
		Release|Any CPU = Release|Any CPU
	EndGlobalSection
	GlobalSection(SolutionProperties) = preSolution
		HideSolutionNode = FALSE
	EndGlobalSection
	GlobalSection(ProjectConfigurationPlatforms) = postSolution
		{F48E680C-07B6-494A-9E64-78D4B9F096DE}.Debug|Any CPU.ActiveCfg = Debug|Any CPU
		{F48E680C-07B6-494A-9E64-78D4B9F096DE}.Debug|Any CPU.Build.0 = Debug|Any CPU
		{F48E680C-07B6-494A-9E64-78D4B9F096DE}.Release|Any CPU.ActiveCfg = Release|Any CPU
		{F48E680C-07B6-494A-9E64-78D4B9F096DE}.Release|Any CPU.Build.0 = Release|Any CPU
		{12A629FB-7E91-4CD6-A3AC-B4F6535E7A23}.Debug|Any CPU.ActiveCfg = Debug|Any CPU
		{12A629FB-7E91-4CD6-A3AC-B4F6535E7A23}.Debug|Any CPU.Build.0 = Debug|Any CPU
		{12A629FB-7E91-4CD6-A3AC-B4F6535E7A23}.Release|Any CPU.ActiveCfg = Release|Any CPU
		{12A629FB-7E91-4CD6-A3AC-B4F6535E7A23}.Release|Any CPU.Build.0 = Release|Any CPU
		{785A542E-3338-4601-8ABD-D9BC5050B857}.Debug|Any CPU.ActiveCfg = Debug|Any CPU
		{785A542E-3338-4601-8ABD-D9BC5050B857}.Debug|Any CPU.Build.0 = Debug|Any CPU
		{785A542E-3338-4601-8ABD-D9BC5050B857}.Release|Any CPU.ActiveCfg = Release|Any CPU
		{785A542E-3338-4601-8ABD-D9BC5050B857}.Release|Any CPU.Build.0 = Release|Any CPU
		{CDC1026F-ECEA-4FCE-982B-576A12C65B7D}.Debug|Any CPU.ActiveCfg = Debug|Any CPU
		{CDC1026F-ECEA-4FCE-982B-576A12C65B7D}.Debug|Any CPU.Build.0 = Debug|Any CPU
		{CDC1026F-ECEA-4FCE-982B-576A12C65B7D}.Release|Any CPU.ActiveCfg = Release|Any CPU
		{CDC1026F-ECEA-4FCE-982B-576A12C65B7D}.Release|Any CPU.Build.0 = Release|Any CPU
	EndGlobalSection
EndGlobal
